
Microsoft Visual Studio Solution File, Format Version 12.00
# Visual Studio Version 17
VisualStudioVersion = 17.12.35506.116 d17.12
MinimumVisualStudioVersion = 10.0.40219.1
Project("{FAE04EC0-301F-11D3-BF4B-00C04F79EFBC}") = "Exercis44", "Exercis44\Exercis44.csproj", "{C0A2AF9F-3B08-4469-88F2-C6E380FF6634}"
EndProject
Project("{FAE04EC0-301F-11D3-BF4B-00C04F79EFBC}") = "Exercice3", "Exercice3\Exercice3.csproj", "{C9B69116-B99D-4076-86FB-3C6617C128FB}"
EndProject
Global
	GlobalSection(SolutionConfigurationPlatforms) = preSolution
		Debug|Any CPU = Debug|Any CPU
		Release|Any CPU = Release|Any CPU
	EndGlobalSection
	GlobalSection(ProjectConfigurationPlatforms) = postSolution
		{C0A2AF9F-3B08-4469-88F2-C6E380FF6634}.Debug|Any CPU.ActiveCfg = Debug|Any CPU
		{C0A2AF9F-3B08-4469-88F2-C6E380FF6634}.Debug|Any CPU.Build.0 = Debug|Any CPU
		{C0A2AF9F-3B08-4469-88F2-C6E380FF6634}.Release|Any CPU.ActiveCfg = Release|Any CPU
		{C0A2AF9F-3B08-4469-88F2-C6E380FF6634}.Release|Any CPU.Build.0 = Release|Any CPU
		{C9B69116-B99D-4076-86FB-3C6617C128FB}.Debug|Any CPU.ActiveCfg = Debug|Any CPU
		{C9B69116-B99D-4076-86FB-3C6617C128FB}.Debug|Any CPU.Build.0 = Debug|Any CPU
		{C9B69116-B99D-4076-86FB-3C6617C128FB}.Release|Any CPU.ActiveCfg = Release|Any CPU
		{C9B69116-B99D-4076-86FB-3C6617C128FB}.Release|Any CPU.Build.0 = Release|Any CPU
	EndGlobalSection
	GlobalSection(SolutionProperties) = preSolution
		HideSolutionNode = FALSE
	EndGlobalSection
EndGlobal
